// !$*UTF8*$!
{
	archiveVersion = 1;
	classes = {
	};
	objectVersion = 46;
	objects = {

/* Begin PBXBuildFile section */
		2A55E92B1E8121AC00B48E8B /* Main.storyboard in Resources */ = {isa = PBXBuildFile; fileRef = 2A55E9291E8121AC00B48E8B /* Main.storyboard */; };
		2A55E9301E8121AC00B48E8B /* LaunchScreen.storyboard in Resources */ = {isa = PBXBuildFile; fileRef = 2A55E92E1E8121AC00B48E8B /* LaunchScreen.storyboard */; };
		2A55E93B1E8121AC00B48E8B /* PriceServiceTests.swift in Sources */ = {isa = PBXBuildFile; fileRef = 2A55E93A1E8121AC00B48E8B /* PriceServiceTests.swift */; };
		2A55E9461E8121AC00B48E8B /* ChickensUITests.swift in Sources */ = {isa = PBXBuildFile; fileRef = 2A55E9451E8121AC00B48E8B /* ChickensUITests.swift */; };
		2A5786781F60213400A55A5D /* CurrencyExchangeServiceTests.swift in Sources */ = {isa = PBXBuildFile; fileRef = 2A5786771F60213400A55A5D /* CurrencyExchangeServiceTests.swift */; };
		2A5786791F60268D00A55A5D /* CurrencyExchangeService.swift in Sources */ = {isa = PBXBuildFile; fileRef = 2A7376411EA622500026C299 /* CurrencyExchangeService.swift */; };
		2A57867A1F60268D00A55A5D /* CurrencyExchangeService.swift in Sources */ = {isa = PBXBuildFile; fileRef = 2A7376411EA622500026C299 /* CurrencyExchangeService.swift */; };
		2A60C6051EA7694C00F0BCFB /* CountService.swift in Sources */ = {isa = PBXBuildFile; fileRef = 2A60C6041EA7694C00F0BCFB /* CountService.swift */; };
		2A7322171FB2E9170047C174 /* CountServiceTests.swift in Sources */ = {isa = PBXBuildFile; fileRef = 2A7322161FB2E9170047C174 /* CountServiceTests.swift */; };
		2A7376341EA618890026C299 /* RootViewController.swift in Sources */ = {isa = PBXBuildFile; fileRef = 2A7376331EA618890026C299 /* RootViewController.swift */; };
		2A73763E1EA618FC0026C299 /* TFHpple.m in Sources */ = {isa = PBXBuildFile; fileRef = 2A7376391EA618FC0026C299 /* TFHpple.m */; };
		2A73763F1EA618FC0026C299 /* TFHppleElement.m in Sources */ = {isa = PBXBuildFile; fileRef = 2A73763B1EA618FC0026C299 /* TFHppleElement.m */; };
		2A7376401EA618FC0026C299 /* XPathQuery.m in Sources */ = {isa = PBXBuildFile; fileRef = 2A73763D1EA618FC0026C299 /* XPathQuery.m */; };
		2A7376421EA622500026C299 /* CurrencyExchangeService.swift in Sources */ = {isa = PBXBuildFile; fileRef = 2A7376411EA622500026C299 /* CurrencyExchangeService.swift */; };
		3AC4CC9AB508F90F5772B702 /* Pods_ChickensUITests.framework in Frameworks */ = {isa = PBXBuildFile; fileRef = B185DAEC52F2E497C6FEFF56 /* Pods_ChickensUITests.framework */; };
		ADF55636705670CEF49A6DDA /* Pods_ChickensTests.framework in Frameworks */ = {isa = PBXBuildFile; fileRef = 0797D9BE90C100A51C1C334A /* Pods_ChickensTests.framework */; };
		BB3B90FB1E812AE9000855E4 /* PriceService.swift in Sources */ = {isa = PBXBuildFile; fileRef = BB3B90FA1E812AE9000855E4 /* PriceService.swift */; };
		BB3B90FC1E812AE9000855E4 /* PriceService.swift in Sources */ = {isa = PBXBuildFile; fileRef = BB3B90FA1E812AE9000855E4 /* PriceService.swift */; };
		BB3B90FD1E812AE9000855E4 /* PriceService.swift in Sources */ = {isa = PBXBuildFile; fileRef = BB3B90FA1E812AE9000855E4 /* PriceService.swift */; };
		BB3B91031E812B1D000855E4 /* AppDelegate.swift in Sources */ = {isa = PBXBuildFile; fileRef = BB3B91021E812B1D000855E4 /* AppDelegate.swift */; };
		BB3B91041E812B1D000855E4 /* AppDelegate.swift in Sources */ = {isa = PBXBuildFile; fileRef = BB3B91021E812B1D000855E4 /* AppDelegate.swift */; };
		BB3B91051E812B1D000855E4 /* AppDelegate.swift in Sources */ = {isa = PBXBuildFile; fileRef = BB3B91021E812B1D000855E4 /* AppDelegate.swift */; };
		BB3B91071E812B23000855E4 /* Assets.xcassets in Resources */ = {isa = PBXBuildFile; fileRef = BB3B91061E812B23000855E4 /* Assets.xcassets */; };
		BB3B91081E812B23000855E4 /* Assets.xcassets in Resources */ = {isa = PBXBuildFile; fileRef = BB3B91061E812B23000855E4 /* Assets.xcassets */; };
		BB3B91091E812B23000855E4 /* Assets.xcassets in Resources */ = {isa = PBXBuildFile; fileRef = BB3B91061E812B23000855E4 /* Assets.xcassets */; };
		BB3B910C1E812B2D000855E4 /* Info.plist in Resources */ = {isa = PBXBuildFile; fileRef = BB3B910A1E812B2D000855E4 /* Info.plist */; };
		BB3B910D1E812B2D000855E4 /* Info.plist in Resources */ = {isa = PBXBuildFile; fileRef = BB3B910A1E812B2D000855E4 /* Info.plist */; };
		BB3B910F1E8130A1000855E4 /* Settings.plist in Resources */ = {isa = PBXBuildFile; fileRef = BB3B910E1E8130A1000855E4 /* Settings.plist */; };
		BB3B91101E8130A1000855E4 /* Settings.plist in Resources */ = {isa = PBXBuildFile; fileRef = BB3B910E1E8130A1000855E4 /* Settings.plist */; };
		BB3B91111E8130A1000855E4 /* Settings.plist in Resources */ = {isa = PBXBuildFile; fileRef = BB3B910E1E8130A1000855E4 /* Settings.plist */; };
		BB3B91141E8134EA000855E4 /* libxml2.2.tbd in Frameworks */ = {isa = PBXBuildFile; fileRef = BB3B91131E8134EA000855E4 /* libxml2.2.tbd */; };
		BB3B91291E813899000855E4 /* Foundation.framework in Frameworks */ = {isa = PBXBuildFile; fileRef = BB3B91281E813899000855E4 /* Foundation.framework */; };
		E4FD7D7F1E033493FC3E2795 /* Pods_Chickens.framework in Frameworks */ = {isa = PBXBuildFile; fileRef = 86DAC35EE4C7FFB36B39FDCD /* Pods_Chickens.framework */; };
/* End PBXBuildFile section */

/* Begin PBXContainerItemProxy section */
		2A55E9371E8121AC00B48E8B /* PBXContainerItemProxy */ = {
			isa = PBXContainerItemProxy;
			containerPortal = 2A55E91A1E8121AC00B48E8B /* Project object */;
			proxyType = 1;
			remoteGlobalIDString = 2A55E9211E8121AC00B48E8B;
			remoteInfo = Chickens;
		};
		2A55E9421E8121AC00B48E8B /* PBXContainerItemProxy */ = {
			isa = PBXContainerItemProxy;
			containerPortal = 2A55E91A1E8121AC00B48E8B /* Project object */;
			proxyType = 1;
			remoteGlobalIDString = 2A55E9211E8121AC00B48E8B;
			remoteInfo = Chickens;
		};
/* End PBXContainerItemProxy section */

/* Begin PBXFileReference section */
		0797D9BE90C100A51C1C334A /* Pods_ChickensTests.framework */ = {isa = PBXFileReference; explicitFileType = wrapper.framework; includeInIndex = 0; path = Pods_ChickensTests.framework; sourceTree = BUILT_PRODUCTS_DIR; };
		2A55E9221E8121AC00B48E8B /* Chickens.app */ = {isa = PBXFileReference; explicitFileType = wrapper.application; includeInIndex = 0; path = Chickens.app; sourceTree = BUILT_PRODUCTS_DIR; };
		2A55E92A1E8121AC00B48E8B /* Base */ = {isa = PBXFileReference; lastKnownFileType = file.storyboard; name = Base; path = Base.lproj/Main.storyboard; sourceTree = "<group>"; };
		2A55E92F1E8121AC00B48E8B /* Base */ = {isa = PBXFileReference; lastKnownFileType = file.storyboard; name = Base; path = Base.lproj/LaunchScreen.storyboard; sourceTree = "<group>"; };
		2A55E9361E8121AC00B48E8B /* ChickensTests.xctest */ = {isa = PBXFileReference; explicitFileType = wrapper.cfbundle; includeInIndex = 0; path = ChickensTests.xctest; sourceTree = BUILT_PRODUCTS_DIR; };
		2A55E93A1E8121AC00B48E8B /* PriceServiceTests.swift */ = {isa = PBXFileReference; lastKnownFileType = sourcecode.swift; path = PriceServiceTests.swift; sourceTree = "<group>"; };
		2A55E93C1E8121AC00B48E8B /* Info.plist */ = {isa = PBXFileReference; lastKnownFileType = text.plist.xml; path = Info.plist; sourceTree = "<group>"; };
		2A55E9411E8121AC00B48E8B /* ChickensUITests.xctest */ = {isa = PBXFileReference; explicitFileType = wrapper.cfbundle; includeInIndex = 0; path = ChickensUITests.xctest; sourceTree = BUILT_PRODUCTS_DIR; };
		2A55E9451E8121AC00B48E8B /* ChickensUITests.swift */ = {isa = PBXFileReference; lastKnownFileType = sourcecode.swift; path = ChickensUITests.swift; sourceTree = "<group>"; };
		2A55E9471E8121AC00B48E8B /* Info.plist */ = {isa = PBXFileReference; lastKnownFileType = text.plist.xml; path = Info.plist; sourceTree = "<group>"; };
		2A5786771F60213400A55A5D /* CurrencyExchangeServiceTests.swift */ = {isa = PBXFileReference; fileEncoding = 4; lastKnownFileType = sourcecode.swift; path = CurrencyExchangeServiceTests.swift; sourceTree = "<group>"; };
		2A60C6041EA7694C00F0BCFB /* CountService.swift */ = {isa = PBXFileReference; fileEncoding = 4; lastKnownFileType = sourcecode.swift; name = CountService.swift; path = Chickens/Helpers/CountService.swift; sourceTree = "<group>"; };
		2A7322161FB2E9170047C174 /* CountServiceTests.swift */ = {isa = PBXFileReference; lastKnownFileType = sourcecode.swift; path = CountServiceTests.swift; sourceTree = "<group>"; };
		2A7376331EA618890026C299 /* RootViewController.swift */ = {isa = PBXFileReference; fileEncoding = 4; lastKnownFileType = sourcecode.swift; name = RootViewController.swift; path = Controller/RootViewController.swift; sourceTree = "<group>"; };
		2A7376381EA618FC0026C299 /* TFHpple.h */ = {isa = PBXFileReference; fileEncoding = 4; lastKnownFileType = sourcecode.c.h; name = TFHpple.h; path = 3rdParty/TFHpple/TFHpple.h; sourceTree = "<group>"; };
		2A7376391EA618FC0026C299 /* TFHpple.m */ = {isa = PBXFileReference; fileEncoding = 4; lastKnownFileType = sourcecode.c.objc; name = TFHpple.m; path = 3rdParty/TFHpple/TFHpple.m; sourceTree = "<group>"; };
		2A73763A1EA618FC0026C299 /* TFHppleElement.h */ = {isa = PBXFileReference; fileEncoding = 4; lastKnownFileType = sourcecode.c.h; name = TFHppleElement.h; path = 3rdParty/TFHpple/TFHppleElement.h; sourceTree = "<group>"; };
		2A73763B1EA618FC0026C299 /* TFHppleElement.m */ = {isa = PBXFileReference; fileEncoding = 4; lastKnownFileType = sourcecode.c.objc; name = TFHppleElement.m; path = 3rdParty/TFHpple/TFHppleElement.m; sourceTree = "<group>"; };
		2A73763C1EA618FC0026C299 /* XPathQuery.h */ = {isa = PBXFileReference; fileEncoding = 4; lastKnownFileType = sourcecode.c.h; name = XPathQuery.h; path = 3rdParty/TFHpple/XPathQuery.h; sourceTree = "<group>"; };
		2A73763D1EA618FC0026C299 /* XPathQuery.m */ = {isa = PBXFileReference; fileEncoding = 4; lastKnownFileType = sourcecode.c.objc; name = XPathQuery.m; path = 3rdParty/TFHpple/XPathQuery.m; sourceTree = "<group>"; };
		2A7376411EA622500026C299 /* CurrencyExchangeService.swift */ = {isa = PBXFileReference; fileEncoding = 4; lastKnownFileType = sourcecode.swift; name = CurrencyExchangeService.swift; path = Chickens/Helpers/CurrencyExchangeService.swift; sourceTree = "<group>"; };
		73BAC3621F6A9D0A3DD0B637 /* Pods-ChickensUITests.release.xcconfig */ = {isa = PBXFileReference; includeInIndex = 1; lastKnownFileType = text.xcconfig; name = "Pods-ChickensUITests.release.xcconfig"; path = "Pods/Target Support Files/Pods-ChickensUITests/Pods-ChickensUITests.release.xcconfig"; sourceTree = "<group>"; };
		74672ADC3977D57AE0C226E5 /* Pods-Chickens.release.xcconfig */ = {isa = PBXFileReference; includeInIndex = 1; lastKnownFileType = text.xcconfig; name = "Pods-Chickens.release.xcconfig"; path = "Pods/Target Support Files/Pods-Chickens/Pods-Chickens.release.xcconfig"; sourceTree = "<group>"; };
		86DAC35EE4C7FFB36B39FDCD /* Pods_Chickens.framework */ = {isa = PBXFileReference; explicitFileType = wrapper.framework; includeInIndex = 0; path = Pods_Chickens.framework; sourceTree = BUILT_PRODUCTS_DIR; };
		B185DAEC52F2E497C6FEFF56 /* Pods_ChickensUITests.framework */ = {isa = PBXFileReference; explicitFileType = wrapper.framework; includeInIndex = 0; path = Pods_ChickensUITests.framework; sourceTree = BUILT_PRODUCTS_DIR; };
		B701D80F8779853A8495C8BF /* Pods-ChickensTests.debug.xcconfig */ = {isa = PBXFileReference; includeInIndex = 1; lastKnownFileType = text.xcconfig; name = "Pods-ChickensTests.debug.xcconfig"; path = "Pods/Target Support Files/Pods-ChickensTests/Pods-ChickensTests.debug.xcconfig"; sourceTree = "<group>"; };
		BB3B90FA1E812AE9000855E4 /* PriceService.swift */ = {isa = PBXFileReference; fileEncoding = 4; lastKnownFileType = sourcecode.swift; name = PriceService.swift; path = Chickens/Helpers/PriceService.swift; sourceTree = "<group>"; };
		BB3B91021E812B1D000855E4 /* AppDelegate.swift */ = {isa = PBXFileReference; fileEncoding = 4; lastKnownFileType = sourcecode.swift; name = AppDelegate.swift; path = Support/AppDelegate.swift; sourceTree = "<group>"; };
		BB3B91061E812B23000855E4 /* Assets.xcassets */ = {isa = PBXFileReference; lastKnownFileType = folder.assetcatalog; name = Assets.xcassets; path = Support/Assets.xcassets; sourceTree = "<group>"; };
		BB3B910A1E812B2D000855E4 /* Info.plist */ = {isa = PBXFileReference; fileEncoding = 4; lastKnownFileType = text.plist.xml; name = Info.plist; path = Support/Info.plist; sourceTree = "<group>"; };
		BB3B910E1E8130A1000855E4 /* Settings.plist */ = {isa = PBXFileReference; fileEncoding = 4; lastKnownFileType = text.plist.xml; name = Settings.plist; path = Support/Settings.plist; sourceTree = "<group>"; };
		BB3B91131E8134EA000855E4 /* libxml2.2.tbd */ = {isa = PBXFileReference; lastKnownFileType = "sourcecode.text-based-dylib-definition"; name = libxml2.2.tbd; path = usr/lib/libxml2.2.tbd; sourceTree = SDKROOT; };
		BB3B91151E813540000855E4 /* Chickens-Bridging-Header.h */ = {isa = PBXFileReference; lastKnownFileType = sourcecode.c.h; path = "Chickens-Bridging-Header.h"; sourceTree = SOURCE_ROOT; };
		BB3B91161E813540000855E4 /* ChickensTests-Bridging-Header.h */ = {isa = PBXFileReference; lastKnownFileType = sourcecode.c.h; path = "ChickensTests-Bridging-Header.h"; sourceTree = SOURCE_ROOT; };
		BB3B91171E813540000855E4 /* ChickensUITests-Bridging-Header.h */ = {isa = PBXFileReference; lastKnownFileType = sourcecode.c.h; path = "ChickensUITests-Bridging-Header.h"; sourceTree = SOURCE_ROOT; };
		BB3B91281E813899000855E4 /* Foundation.framework */ = {isa = PBXFileReference; lastKnownFileType = wrapper.framework; name = Foundation.framework; path = System/Library/Frameworks/Foundation.framework; sourceTree = SDKROOT; };
		C2E8D51A4415758D96588D0E /* Pods-ChickensUITests.debug.xcconfig */ = {isa = PBXFileReference; includeInIndex = 1; lastKnownFileType = text.xcconfig; name = "Pods-ChickensUITests.debug.xcconfig"; path = "Pods/Target Support Files/Pods-ChickensUITests/Pods-ChickensUITests.debug.xcconfig"; sourceTree = "<group>"; };
		D9776AAE292D942361119273 /* Pods-Chickens.debug.xcconfig */ = {isa = PBXFileReference; includeInIndex = 1; lastKnownFileType = text.xcconfig; name = "Pods-Chickens.debug.xcconfig"; path = "Pods/Target Support Files/Pods-Chickens/Pods-Chickens.debug.xcconfig"; sourceTree = "<group>"; };
		F9E62F6933C9D66690E889C5 /* Pods-ChickensTests.release.xcconfig */ = {isa = PBXFileReference; includeInIndex = 1; lastKnownFileType = text.xcconfig; name = "Pods-ChickensTests.release.xcconfig"; path = "Pods/Target Support Files/Pods-ChickensTests/Pods-ChickensTests.release.xcconfig"; sourceTree = "<group>"; };
/* End PBXFileReference section */

/* Begin PBXFrameworksBuildPhase section */
		2A55E91F1E8121AC00B48E8B /* Frameworks */ = {
			isa = PBXFrameworksBuildPhase;
			buildActionMask = 2147483647;
			files = (
				BB3B91291E813899000855E4 /* Foundation.framework in Frameworks */,
				BB3B91141E8134EA000855E4 /* libxml2.2.tbd in Frameworks */,
				E4FD7D7F1E033493FC3E2795 /* Pods_Chickens.framework in Frameworks */,
			);
			runOnlyForDeploymentPostprocessing = 0;
		};
		2A55E9331E8121AC00B48E8B /* Frameworks */ = {
			isa = PBXFrameworksBuildPhase;
			buildActionMask = 2147483647;
			files = (
				ADF55636705670CEF49A6DDA /* Pods_ChickensTests.framework in Frameworks */,
			);
			runOnlyForDeploymentPostprocessing = 0;
		};
		2A55E93E1E8121AC00B48E8B /* Frameworks */ = {
			isa = PBXFrameworksBuildPhase;
			buildActionMask = 2147483647;
			files = (
				3AC4CC9AB508F90F5772B702 /* Pods_ChickensUITests.framework in Frameworks */,
			);
			runOnlyForDeploymentPostprocessing = 0;
		};
/* End PBXFrameworksBuildPhase section */

/* Begin PBXGroup section */
		2A55E9191E8121AC00B48E8B = {
			isa = PBXGroup;
			children = (
				2A55E9241E8121AC00B48E8B /* Chickens */,
				2A55E9391E8121AC00B48E8B /* ChickensTests */,
				2A55E9441E8121AC00B48E8B /* ChickensUITests */,
				2A55E9231E8121AC00B48E8B /* Products */,
				BB3B91121E8134EA000855E4 /* Frameworks */,
				384D77929DD1696CB5EF83D5 /* Pods */,
			);
			sourceTree = "<group>";
		};
		2A55E9231E8121AC00B48E8B /* Products */ = {
			isa = PBXGroup;
			children = (
				2A55E9221E8121AC00B48E8B /* Chickens.app */,
				2A55E9361E8121AC00B48E8B /* ChickensTests.xctest */,
				2A55E9411E8121AC00B48E8B /* ChickensUITests.xctest */,
			);
			name = Products;
			sourceTree = "<group>";
		};
		2A55E9241E8121AC00B48E8B /* Chickens */ = {
			isa = PBXGroup;
			children = (
				BB3B91021E812B1D000855E4 /* AppDelegate.swift */,
				2A55E9291E8121AC00B48E8B /* Main.storyboard */,
				2A55E92E1E8121AC00B48E8B /* LaunchScreen.storyboard */,
				BB3B90F11E812A13000855E4 /* Controller */,
				BB3B90F61E812A46000855E4 /* Helpers */,
				2A7376361EA618D50026C299 /* Extensions */,
				2A7376351EA618C00026C299 /* 3rdParty */,
				BB3B90F71E812A57000855E4 /* Support */,
			);
			path = Chickens;
			sourceTree = "<group>";
		};
		2A55E9391E8121AC00B48E8B /* ChickensTests */ = {
			isa = PBXGroup;
			children = (
				2A55E93A1E8121AC00B48E8B /* PriceServiceTests.swift */,
				2A5786771F60213400A55A5D /* CurrencyExchangeServiceTests.swift */,
				2A7322161FB2E9170047C174 /* CountServiceTests.swift */,
				2A55E93C1E8121AC00B48E8B /* Info.plist */,
			);
			path = ChickensTests;
			sourceTree = "<group>";
		};
		2A55E9441E8121AC00B48E8B /* ChickensUITests */ = {
			isa = PBXGroup;
			children = (
				2A55E9451E8121AC00B48E8B /* ChickensUITests.swift */,
				2A55E9471E8121AC00B48E8B /* Info.plist */,
			);
			path = ChickensUITests;
			sourceTree = "<group>";
		};
		2A7376351EA618C00026C299 /* 3rdParty */ = {
			isa = PBXGroup;
			children = (
				2A7376371EA618ED0026C299 /* TFHpple */,
			);
			name = 3rdParty;
			sourceTree = "<group>";
		};
		2A7376361EA618D50026C299 /* Extensions */ = {
			isa = PBXGroup;
			children = (
			);
			name = Extensions;
			path = ..;
			sourceTree = "<group>";
		};
		2A7376371EA618ED0026C299 /* TFHpple */ = {
			isa = PBXGroup;
			children = (
				2A7376381EA618FC0026C299 /* TFHpple.h */,
				2A7376391EA618FC0026C299 /* TFHpple.m */,
				2A73763A1EA618FC0026C299 /* TFHppleElement.h */,
				2A73763B1EA618FC0026C299 /* TFHppleElement.m */,
				2A73763C1EA618FC0026C299 /* XPathQuery.h */,
				2A73763D1EA618FC0026C299 /* XPathQuery.m */,
			);
			name = TFHpple;
			sourceTree = "<group>";
		};
		384D77929DD1696CB5EF83D5 /* Pods */ = {
			isa = PBXGroup;
			children = (
				D9776AAE292D942361119273 /* Pods-Chickens.debug.xcconfig */,
				74672ADC3977D57AE0C226E5 /* Pods-Chickens.release.xcconfig */,
				B701D80F8779853A8495C8BF /* Pods-ChickensTests.debug.xcconfig */,
				F9E62F6933C9D66690E889C5 /* Pods-ChickensTests.release.xcconfig */,
				C2E8D51A4415758D96588D0E /* Pods-ChickensUITests.debug.xcconfig */,
				73BAC3621F6A9D0A3DD0B637 /* Pods-ChickensUITests.release.xcconfig */,
			);
			name = Pods;
			sourceTree = "<group>";
		};
		BB3B90F11E812A13000855E4 /* Controller */ = {
			isa = PBXGroup;
			children = (
				2A7376331EA618890026C299 /* RootViewController.swift */,
			);
			name = Controller;
			sourceTree = "<group>";
		};
		BB3B90F61E812A46000855E4 /* Helpers */ = {
			isa = PBXGroup;
			children = (
				BB3B90FA1E812AE9000855E4 /* PriceService.swift */,
				2A7376411EA622500026C299 /* CurrencyExchangeService.swift */,
				2A60C6041EA7694C00F0BCFB /* CountService.swift */,
			);
			name = Helpers;
			path = ..;
			sourceTree = "<group>";
		};
		BB3B90F71E812A57000855E4 /* Support */ = {
			isa = PBXGroup;
			children = (
				BB3B910E1E8130A1000855E4 /* Settings.plist */,
				BB3B910A1E812B2D000855E4 /* Info.plist */,
				BB3B91061E812B23000855E4 /* Assets.xcassets */,
				BB3B91151E813540000855E4 /* Chickens-Bridging-Header.h */,
				BB3B91161E813540000855E4 /* ChickensTests-Bridging-Header.h */,
				BB3B91171E813540000855E4 /* ChickensUITests-Bridging-Header.h */,
			);
			name = Support;
			sourceTree = "<group>";
		};
		BB3B91121E8134EA000855E4 /* Frameworks */ = {
			isa = PBXGroup;
			children = (
				BB3B91281E813899000855E4 /* Foundation.framework */,
				BB3B91131E8134EA000855E4 /* libxml2.2.tbd */,
				86DAC35EE4C7FFB36B39FDCD /* Pods_Chickens.framework */,
				0797D9BE90C100A51C1C334A /* Pods_ChickensTests.framework */,
				B185DAEC52F2E497C6FEFF56 /* Pods_ChickensUITests.framework */,
			);
			name = Frameworks;
			sourceTree = "<group>";
		};
/* End PBXGroup section */

/* Begin PBXNativeTarget section */
		2A55E9211E8121AC00B48E8B /* Chickens */ = {
			isa = PBXNativeTarget;
			buildConfigurationList = 2A55E94A1E8121AC00B48E8B /* Build configuration list for PBXNativeTarget "Chickens" */;
			buildPhases = (
				1062AC996BE246EBB69F84BE /* [CP] Check Pods Manifest.lock */,
				2A55E91E1E8121AC00B48E8B /* Sources */,
				2A55E91F1E8121AC00B48E8B /* Frameworks */,
				2A55E9201E8121AC00B48E8B /* Resources */,
				28C1FFBDB458112A3016DDD1 /* [CP] Embed Pods Frameworks */,
				D6D6DAADD17E36B41C342A88 /* [CP] Copy Pods Resources */,
			);
			buildRules = (
			);
			dependencies = (
			);
			name = Chickens;
			productName = Chickens;
			productReference = 2A55E9221E8121AC00B48E8B /* Chickens.app */;
			productType = "com.apple.product-type.application";
		};
		2A55E9351E8121AC00B48E8B /* ChickensTests */ = {
			isa = PBXNativeTarget;
			buildConfigurationList = 2A55E94D1E8121AC00B48E8B /* Build configuration list for PBXNativeTarget "ChickensTests" */;
			buildPhases = (
				ECB7C2FC12EEF6D86FF4802E /* [CP] Check Pods Manifest.lock */,
				2A55E9321E8121AC00B48E8B /* Sources */,
				2A55E9331E8121AC00B48E8B /* Frameworks */,
				2A55E9341E8121AC00B48E8B /* Resources */,
				12C3D563C1BBC195D06FE76D /* [CP] Embed Pods Frameworks */,
				33B3325A7C1CB83274E9F086 /* [CP] Copy Pods Resources */,
			);
			buildRules = (
			);
			dependencies = (
				2A55E9381E8121AC00B48E8B /* PBXTargetDependency */,
			);
			name = ChickensTests;
			productName = ChickensTests;
			productReference = 2A55E9361E8121AC00B48E8B /* ChickensTests.xctest */;
			productType = "com.apple.product-type.bundle.unit-test";
		};
		2A55E9401E8121AC00B48E8B /* ChickensUITests */ = {
			isa = PBXNativeTarget;
			buildConfigurationList = 2A55E9501E8121AC00B48E8B /* Build configuration list for PBXNativeTarget "ChickensUITests" */;
			buildPhases = (
				48543FADAA1A0C9D35C20E08 /* [CP] Check Pods Manifest.lock */,
				2A55E93D1E8121AC00B48E8B /* Sources */,
				2A55E93E1E8121AC00B48E8B /* Frameworks */,
				2A55E93F1E8121AC00B48E8B /* Resources */,
				6223DE6A231ECDC2793D153D /* [CP] Embed Pods Frameworks */,
				F6D832D2B734CF9A51E0C65F /* [CP] Copy Pods Resources */,
			);
			buildRules = (
			);
			dependencies = (
				2A55E9431E8121AC00B48E8B /* PBXTargetDependency */,
			);
			name = ChickensUITests;
			productName = ChickensUITests;
			productReference = 2A55E9411E8121AC00B48E8B /* ChickensUITests.xctest */;
			productType = "com.apple.product-type.bundle.ui-testing";
		};
/* End PBXNativeTarget section */

/* Begin PBXProject section */
		2A55E91A1E8121AC00B48E8B /* Project object */ = {
			isa = PBXProject;
			attributes = {
				LastSwiftUpdateCheck = 0820;
				LastUpgradeCheck = 0900;
				ORGANIZATIONNAME = "Alexander Yakovlev";
				TargetAttributes = {
					2A55E9211E8121AC00B48E8B = {
						CreatedOnToolsVersion = 8.2.1;
						DevelopmentTeam = 4VQ48U3YP6;
						LastSwiftMigration = 0820;
						ProvisioningStyle = Automatic;
					};
					2A55E9351E8121AC00B48E8B = {
						CreatedOnToolsVersion = 8.2.1;
						DevelopmentTeam = GW3T8PV6PN;
						LastSwiftMigration = 0820;
						ProvisioningStyle = Automatic;
						TestTargetID = 2A55E9211E8121AC00B48E8B;
					};
					2A55E9401E8121AC00B48E8B = {
						CreatedOnToolsVersion = 8.2.1;
						DevelopmentTeam = GW3T8PV6PN;
						LastSwiftMigration = 0820;
						ProvisioningStyle = Automatic;
						TestTargetID = 2A55E9211E8121AC00B48E8B;
					};
				};
			};
			buildConfigurationList = 2A55E91D1E8121AC00B48E8B /* Build configuration list for PBXProject "Chickens" */;
			compatibilityVersion = "Xcode 3.2";
			developmentRegion = English;
			hasScannedForEncodings = 0;
			knownRegions = (
				en,
				Base,
			);
			mainGroup = 2A55E9191E8121AC00B48E8B;
			productRefGroup = 2A55E9231E8121AC00B48E8B /* Products */;
			projectDirPath = "";
			projectRoot = "";
			targets = (
				2A55E9211E8121AC00B48E8B /* Chickens */,
				2A55E9351E8121AC00B48E8B /* ChickensTests */,
				2A55E9401E8121AC00B48E8B /* ChickensUITests */,
			);
		};
/* End PBXProject section */

/* Begin PBXResourcesBuildPhase section */
		2A55E9201E8121AC00B48E8B /* Resources */ = {
			isa = PBXResourcesBuildPhase;
			buildActionMask = 2147483647;
			files = (
				2A55E9301E8121AC00B48E8B /* LaunchScreen.storyboard in Resources */,
				BB3B91071E812B23000855E4 /* Assets.xcassets in Resources */,
				2A55E92B1E8121AC00B48E8B /* Main.storyboard in Resources */,
				BB3B910F1E8130A1000855E4 /* Settings.plist in Resources */,
			);
			runOnlyForDeploymentPostprocessing = 0;
		};
		2A55E9341E8121AC00B48E8B /* Resources */ = {
			isa = PBXResourcesBuildPhase;
			buildActionMask = 2147483647;
			files = (
				BB3B910C1E812B2D000855E4 /* Info.plist in Resources */,
				BB3B91081E812B23000855E4 /* Assets.xcassets in Resources */,
				BB3B91101E8130A1000855E4 /* Settings.plist in Resources */,
			);
			runOnlyForDeploymentPostprocessing = 0;
		};
		2A55E93F1E8121AC00B48E8B /* Resources */ = {
			isa = PBXResourcesBuildPhase;
			buildActionMask = 2147483647;
			files = (
				BB3B910D1E812B2D000855E4 /* Info.plist in Resources */,
				BB3B91091E812B23000855E4 /* Assets.xcassets in Resources */,
				BB3B91111E8130A1000855E4 /* Settings.plist in Resources */,
			);
			runOnlyForDeploymentPostprocessing = 0;
		};
/* End PBXResourcesBuildPhase section */

/* Begin PBXShellScriptBuildPhase section */
		1062AC996BE246EBB69F84BE /* [CP] Check Pods Manifest.lock */ = {
			isa = PBXShellScriptBuildPhase;
			buildActionMask = 2147483647;
			files = (
			);
			inputPaths = (
			);
			name = "[CP] Check Pods Manifest.lock";
			outputPaths = (
			);
			runOnlyForDeploymentPostprocessing = 0;
			shellPath = /bin/sh;
			shellScript = "diff \"${PODS_ROOT}/../Podfile.lock\" \"${PODS_ROOT}/Manifest.lock\" > /dev/null\nif [ $? != 0 ] ; then\n    # print error to STDERR\n    echo \"error: The sandbox is not in sync with the Podfile.lock. Run 'pod install' or update your CocoaPods installation.\" >&2\n    exit 1\nfi\n";
			showEnvVarsInLog = 0;
		};
		12C3D563C1BBC195D06FE76D /* [CP] Embed Pods Frameworks */ = {
			isa = PBXShellScriptBuildPhase;
			buildActionMask = 2147483647;
			files = (
			);
			inputPaths = (
			);
			name = "[CP] Embed Pods Frameworks";
			outputPaths = (
			);
			runOnlyForDeploymentPostprocessing = 0;
			shellPath = /bin/sh;
			shellScript = "\"${SRCROOT}/Pods/Target Support Files/Pods-ChickensTests/Pods-ChickensTests-frameworks.sh\"\n";
			showEnvVarsInLog = 0;
		};
		28C1FFBDB458112A3016DDD1 /* [CP] Embed Pods Frameworks */ = {
			isa = PBXShellScriptBuildPhase;
			buildActionMask = 2147483647;
			files = (
			);
			inputPaths = (
			);
			name = "[CP] Embed Pods Frameworks";
			outputPaths = (
			);
			runOnlyForDeploymentPostprocessing = 0;
			shellPath = /bin/sh;
			shellScript = "\"${SRCROOT}/Pods/Target Support Files/Pods-Chickens/Pods-Chickens-frameworks.sh\"\n";
			showEnvVarsInLog = 0;
		};
		33B3325A7C1CB83274E9F086 /* [CP] Copy Pods Resources */ = {
			isa = PBXShellScriptBuildPhase;
			buildActionMask = 2147483647;
			files = (
			);
			inputPaths = (
			);
			name = "[CP] Copy Pods Resources";
			outputPaths = (
			);
			runOnlyForDeploymentPostprocessing = 0;
			shellPath = /bin/sh;
			shellScript = "\"${SRCROOT}/Pods/Target Support Files/Pods-ChickensTests/Pods-ChickensTests-resources.sh\"\n";
			showEnvVarsInLog = 0;
		};
		48543FADAA1A0C9D35C20E08 /* [CP] Check Pods Manifest.lock */ = {
			isa = PBXShellScriptBuildPhase;
			buildActionMask = 2147483647;
			files = (
			);
			inputPaths = (
			);
			name = "[CP] Check Pods Manifest.lock";
			outputPaths = (
			);
			runOnlyForDeploymentPostprocessing = 0;
			shellPath = /bin/sh;
			shellScript = "diff \"${PODS_ROOT}/../Podfile.lock\" \"${PODS_ROOT}/Manifest.lock\" > /dev/null\nif [ $? != 0 ] ; then\n    # print error to STDERR\n    echo \"error: The sandbox is not in sync with the Podfile.lock. Run 'pod install' or update your CocoaPods installation.\" >&2\n    exit 1\nfi\n";
			showEnvVarsInLog = 0;
		};
		6223DE6A231ECDC2793D153D /* [CP] Embed Pods Frameworks */ = {
			isa = PBXShellScriptBuildPhase;
			buildActionMask = 2147483647;
			files = (
			);
			inputPaths = (
			);
			name = "[CP] Embed Pods Frameworks";
			outputPaths = (
			);
			runOnlyForDeploymentPostprocessing = 0;
			shellPath = /bin/sh;
			shellScript = "\"${SRCROOT}/Pods/Target Support Files/Pods-ChickensUITests/Pods-ChickensUITests-frameworks.sh\"\n";
			showEnvVarsInLog = 0;
		};
		D6D6DAADD17E36B41C342A88 /* [CP] Copy Pods Resources */ = {
			isa = PBXShellScriptBuildPhase;
			buildActionMask = 2147483647;
			files = (
			);
			inputPaths = (
			);
			name = "[CP] Copy Pods Resources";
			outputPaths = (
			);
			runOnlyForDeploymentPostprocessing = 0;
			shellPath = /bin/sh;
			shellScript = "\"${SRCROOT}/Pods/Target Support Files/Pods-Chickens/Pods-Chickens-resources.sh\"\n";
			showEnvVarsInLog = 0;
		};
		ECB7C2FC12EEF6D86FF4802E /* [CP] Check Pods Manifest.lock */ = {
			isa = PBXShellScriptBuildPhase;
			buildActionMask = 2147483647;
			files = (
			);
			inputPaths = (
			);
			name = "[CP] Check Pods Manifest.lock";
			outputPaths = (
			);
			runOnlyForDeploymentPostprocessing = 0;
			shellPath = /bin/sh;
			shellScript = "diff \"${PODS_ROOT}/../Podfile.lock\" \"${PODS_ROOT}/Manifest.lock\" > /dev/null\nif [ $? != 0 ] ; then\n    # print error to STDERR\n    echo \"error: The sandbox is not in sync with the Podfile.lock. Run 'pod install' or update your CocoaPods installation.\" >&2\n    exit 1\nfi\n";
			showEnvVarsInLog = 0;
		};
		F6D832D2B734CF9A51E0C65F /* [CP] Copy Pods Resources */ = {
			isa = PBXShellScriptBuildPhase;
			buildActionMask = 2147483647;
			files = (
			);
			inputPaths = (
			);
			name = "[CP] Copy Pods Resources";
			outputPaths = (
			);
			runOnlyForDeploymentPostprocessing = 0;
			shellPath = /bin/sh;
			shellScript = "\"${SRCROOT}/Pods/Target Support Files/Pods-ChickensUITests/Pods-ChickensUITests-resources.sh\"\n";
			showEnvVarsInLog = 0;
		};
/* End PBXShellScriptBuildPhase section */

/* Begin PBXSourcesBuildPhase section */
		2A55E91E1E8121AC00B48E8B /* Sources */ = {
			isa = PBXSourcesBuildPhase;
			buildActionMask = 2147483647;
			files = (
				BB3B91031E812B1D000855E4 /* AppDelegate.swift in Sources */,
				BB3B90FB1E812AE9000855E4 /* PriceService.swift in Sources */,
				2A7376341EA618890026C299 /* RootViewController.swift in Sources */,
				2A73763E1EA618FC0026C299 /* TFHpple.m in Sources */,
				2A7376401EA618FC0026C299 /* XPathQuery.m in Sources */,
				2A7376421EA622500026C299 /* CurrencyExchangeService.swift in Sources */,
				2A73763F1EA618FC0026C299 /* TFHppleElement.m in Sources */,
				2A60C6051EA7694C00F0BCFB /* CountService.swift in Sources */,
			);
			runOnlyForDeploymentPostprocessing = 0;
		};
		2A55E9321E8121AC00B48E8B /* Sources */ = {
			isa = PBXSourcesBuildPhase;
			buildActionMask = 2147483647;
			files = (
				BB3B91041E812B1D000855E4 /* AppDelegate.swift in Sources */,
				2A55E93B1E8121AC00B48E8B /* PriceServiceTests.swift in Sources */,
				BB3B90FC1E812AE9000855E4 /* PriceService.swift in Sources */,
				2A7322171FB2E9170047C174 /* CountServiceTests.swift in Sources */,
				2A5786781F60213400A55A5D /* CurrencyExchangeServiceTests.swift in Sources */,
				2A57867A1F60268D00A55A5D /* CurrencyExchangeService.swift in Sources */,
			);
			runOnlyForDeploymentPostprocessing = 0;
		};
		2A55E93D1E8121AC00B48E8B /* Sources */ = {
			isa = PBXSourcesBuildPhase;
			buildActionMask = 2147483647;
			files = (
				BB3B91051E812B1D000855E4 /* AppDelegate.swift in Sources */,
				2A55E9461E8121AC00B48E8B /* ChickensUITests.swift in Sources */,
				BB3B90FD1E812AE9000855E4 /* PriceService.swift in Sources */,
				2A5786791F60268D00A55A5D /* CurrencyExchangeService.swift in Sources */,
			);
			runOnlyForDeploymentPostprocessing = 0;
		};
/* End PBXSourcesBuildPhase section */

/* Begin PBXTargetDependency section */
		2A55E9381E8121AC00B48E8B /* PBXTargetDependency */ = {
			isa = PBXTargetDependency;
			target = 2A55E9211E8121AC00B48E8B /* Chickens */;
			targetProxy = 2A55E9371E8121AC00B48E8B /* PBXContainerItemProxy */;
		};
		2A55E9431E8121AC00B48E8B /* PBXTargetDependency */ = {
			isa = PBXTargetDependency;
			target = 2A55E9211E8121AC00B48E8B /* Chickens */;
			targetProxy = 2A55E9421E8121AC00B48E8B /* PBXContainerItemProxy */;
		};
/* End PBXTargetDependency section */

/* Begin PBXVariantGroup section */
		2A55E9291E8121AC00B48E8B /* Main.storyboard */ = {
			isa = PBXVariantGroup;
			children = (
				2A55E92A1E8121AC00B48E8B /* Base */,
			);
			name = Main.storyboard;
			sourceTree = "<group>";
		};
		2A55E92E1E8121AC00B48E8B /* LaunchScreen.storyboard */ = {
			isa = PBXVariantGroup;
			children = (
				2A55E92F1E8121AC00B48E8B /* Base */,
			);
			name = LaunchScreen.storyboard;
			sourceTree = "<group>";
		};
/* End PBXVariantGroup section */

/* Begin XCBuildConfiguration section */
		2A55E9481E8121AC00B48E8B /* Debug */ = {
			isa = XCBuildConfiguration;
			buildSettings = {
				ALWAYS_SEARCH_USER_PATHS = NO;
				CLANG_ANALYZER_NONNULL = YES;
				CLANG_CXX_LANGUAGE_STANDARD = "gnu++0x";
				CLANG_CXX_LIBRARY = "libc++";
				CLANG_ENABLE_MODULES = YES;
				CLANG_ENABLE_OBJC_ARC = YES;
				CLANG_WARN_BLOCK_CAPTURE_AUTORELEASING = YES;
				CLANG_WARN_BOOL_CONVERSION = YES;
				CLANG_WARN_COMMA = YES;
				CLANG_WARN_CONSTANT_CONVERSION = YES;
				CLANG_WARN_DIRECT_OBJC_ISA_USAGE = YES_ERROR;
				CLANG_WARN_DOCUMENTATION_COMMENTS = YES;
				CLANG_WARN_EMPTY_BODY = YES;
				CLANG_WARN_ENUM_CONVERSION = YES;
				CLANG_WARN_INFINITE_RECURSION = YES;
				CLANG_WARN_INT_CONVERSION = YES;
				CLANG_WARN_NON_LITERAL_NULL_CONVERSION = YES;
				CLANG_WARN_OBJC_LITERAL_CONVERSION = YES;
				CLANG_WARN_OBJC_ROOT_CLASS = YES_ERROR;
				CLANG_WARN_RANGE_LOOP_ANALYSIS = YES;
				CLANG_WARN_STRICT_PROTOTYPES = YES;
				CLANG_WARN_SUSPICIOUS_MOVE = YES;
				CLANG_WARN_UNREACHABLE_CODE = YES;
				CLANG_WARN__DUPLICATE_METHOD_MATCH = YES;
				"CODE_SIGN_IDENTITY[sdk=iphoneos*]" = "iPhone Developer";
				COPY_PHASE_STRIP = NO;
				DEBUG_INFORMATION_FORMAT = dwarf;
				ENABLE_STRICT_OBJC_MSGSEND = YES;
				ENABLE_TESTABILITY = YES;
				GCC_C_LANGUAGE_STANDARD = gnu99;
				GCC_DYNAMIC_NO_PIC = NO;
				GCC_NO_COMMON_BLOCKS = YES;
				GCC_OPTIMIZATION_LEVEL = 0;
				GCC_PREPROCESSOR_DEFINITIONS = (
					"DEBUG=1",
					"$(inherited)",
				);
				GCC_WARN_64_TO_32_BIT_CONVERSION = YES;
				GCC_WARN_ABOUT_RETURN_TYPE = YES_ERROR;
				GCC_WARN_UNDECLARED_SELECTOR = YES;
				GCC_WARN_UNINITIALIZED_AUTOS = YES_AGGRESSIVE;
				GCC_WARN_UNUSED_FUNCTION = YES;
				GCC_WARN_UNUSED_VARIABLE = YES;
				IPHONEOS_DEPLOYMENT_TARGET = 10.2;
				MTL_ENABLE_DEBUG_INFO = YES;
				ONLY_ACTIVE_ARCH = YES;
				SDKROOT = iphoneos;
				SWIFT_ACTIVE_COMPILATION_CONDITIONS = DEBUG;
				SWIFT_OPTIMIZATION_LEVEL = "-Onone";
			};
			name = Debug;
		};
		2A55E9491E8121AC00B48E8B /* Release */ = {
			isa = XCBuildConfiguration;
			buildSettings = {
				ALWAYS_SEARCH_USER_PATHS = NO;
				CLANG_ANALYZER_NONNULL = YES;
				CLANG_CXX_LANGUAGE_STANDARD = "gnu++0x";
				CLANG_CXX_LIBRARY = "libc++";
				CLANG_ENABLE_MODULES = YES;
				CLANG_ENABLE_OBJC_ARC = YES;
				CLANG_WARN_BLOCK_CAPTURE_AUTORELEASING = YES;
				CLANG_WARN_BOOL_CONVERSION = YES;
				CLANG_WARN_COMMA = YES;
				CLANG_WARN_CONSTANT_CONVERSION = YES;
				CLANG_WARN_DIRECT_OBJC_ISA_USAGE = YES_ERROR;
				CLANG_WARN_DOCUMENTATION_COMMENTS = YES;
				CLANG_WARN_EMPTY_BODY = YES;
				CLANG_WARN_ENUM_CONVERSION = YES;
				CLANG_WARN_INFINITE_RECURSION = YES;
				CLANG_WARN_INT_CONVERSION = YES;
				CLANG_WARN_NON_LITERAL_NULL_CONVERSION = YES;
				CLANG_WARN_OBJC_LITERAL_CONVERSION = YES;
				CLANG_WARN_OBJC_ROOT_CLASS = YES_ERROR;
				CLANG_WARN_RANGE_LOOP_ANALYSIS = YES;
				CLANG_WARN_STRICT_PROTOTYPES = YES;
				CLANG_WARN_SUSPICIOUS_MOVE = YES;
				CLANG_WARN_UNREACHABLE_CODE = YES;
				CLANG_WARN__DUPLICATE_METHOD_MATCH = YES;
				"CODE_SIGN_IDENTITY[sdk=iphoneos*]" = "iPhone Developer";
				COPY_PHASE_STRIP = NO;
				DEBUG_INFORMATION_FORMAT = "dwarf-with-dsym";
				ENABLE_NS_ASSERTIONS = NO;
				ENABLE_STRICT_OBJC_MSGSEND = YES;
				GCC_C_LANGUAGE_STANDARD = gnu99;
				GCC_NO_COMMON_BLOCKS = YES;
				GCC_WARN_64_TO_32_BIT_CONVERSION = YES;
				GCC_WARN_ABOUT_RETURN_TYPE = YES_ERROR;
				GCC_WARN_UNDECLARED_SELECTOR = YES;
				GCC_WARN_UNINITIALIZED_AUTOS = YES_AGGRESSIVE;
				GCC_WARN_UNUSED_FUNCTION = YES;
				GCC_WARN_UNUSED_VARIABLE = YES;
				IPHONEOS_DEPLOYMENT_TARGET = 10.2;
				MTL_ENABLE_DEBUG_INFO = NO;
				SDKROOT = iphoneos;
				SWIFT_OPTIMIZATION_LEVEL = "-Owholemodule";
				VALIDATE_PRODUCT = YES;
			};
			name = Release;
		};
		2A55E94B1E8121AC00B48E8B /* Debug */ = {
			isa = XCBuildConfiguration;
			baseConfigurationReference = D9776AAE292D942361119273 /* Pods-Chickens.debug.xcconfig */;
			buildSettings = {
				ASSETCATALOG_COMPILER_APPICON_NAME = AppIcon;
				CLANG_ENABLE_MODULES = YES;
				DEVELOPMENT_TEAM = 4VQ48U3YP6;
				HEADER_SEARCH_PATHS = "$(SDKROOT)/usr/include/libxml2";
				INFOPLIST_FILE = Chickens/Support/Info.plist;
				LD_RUNPATH_SEARCH_PATHS = "$(inherited) @executable_path/Frameworks";
				PRODUCT_BUNDLE_IDENTIFIER = superstartup.Chickens;
				PRODUCT_NAME = "$(TARGET_NAME)";
				SWIFT_OBJC_BRIDGING_HEADER = "Chickens-Bridging-Header.h";
				SWIFT_OPTIMIZATION_LEVEL = "-Onone";
				SWIFT_VERSION = 4.0;
			};
			name = Debug;
		};
		2A55E94C1E8121AC00B48E8B /* Release */ = {
			isa = XCBuildConfiguration;
			baseConfigurationReference = 74672ADC3977D57AE0C226E5 /* Pods-Chickens.release.xcconfig */;
			buildSettings = {
				ASSETCATALOG_COMPILER_APPICON_NAME = AppIcon;
				CLANG_ENABLE_MODULES = YES;
				DEVELOPMENT_TEAM = 4VQ48U3YP6;
				HEADER_SEARCH_PATHS = "$(SDKROOT)/usr/include/libxml2";
				INFOPLIST_FILE = Chickens/Support/Info.plist;
				LD_RUNPATH_SEARCH_PATHS = "$(inherited) @executable_path/Frameworks";
				PRODUCT_BUNDLE_IDENTIFIER = superstartup.Chickens;
				PRODUCT_NAME = "$(TARGET_NAME)";
				SWIFT_OBJC_BRIDGING_HEADER = "Chickens-Bridging-Header.h";
				SWIFT_VERSION = 4.0;
			};
			name = Release;
		};
		2A55E94E1E8121AC00B48E8B /* Debug */ = {
			isa = XCBuildConfiguration;
			baseConfigurationReference = B701D80F8779853A8495C8BF /* Pods-ChickensTests.debug.xcconfig */;
			buildSettings = {
				ALWAYS_EMBED_SWIFT_STANDARD_LIBRARIES = YES;
				BUNDLE_LOADER = "$(TEST_HOST)";
				CLANG_ENABLE_MODULES = YES;
				DEVELOPMENT_TEAM = GW3T8PV6PN;
				INFOPLIST_FILE = ChickensTests/Info.plist;
				LD_RUNPATH_SEARCH_PATHS = "$(inherited) @executable_path/Frameworks @loader_path/Frameworks";
				PRODUCT_BUNDLE_IDENTIFIER = superstartup.ChickensTests;
				PRODUCT_NAME = "$(TARGET_NAME)";
				SWIFT_OBJC_BRIDGING_HEADER = "ChickensTests-Bridging-Header.h";
				SWIFT_OPTIMIZATION_LEVEL = "-Onone";
				SWIFT_VERSION = 3.0;
				TEST_HOST = "$(BUILT_PRODUCTS_DIR)/Chickens.app/Chickens";
			};
			name = Debug;
		};
		2A55E94F1E8121AC00B48E8B /* Release */ = {
			isa = XCBuildConfiguration;
			baseConfigurationReference = F9E62F6933C9D66690E889C5 /* Pods-ChickensTests.release.xcconfig */;
			buildSettings = {
				ALWAYS_EMBED_SWIFT_STANDARD_LIBRARIES = YES;
				BUNDLE_LOADER = "$(TEST_HOST)";
				CLANG_ENABLE_MODULES = YES;
				DEVELOPMENT_TEAM = GW3T8PV6PN;
				INFOPLIST_FILE = ChickensTests/Info.plist;
				LD_RUNPATH_SEARCH_PATHS = "$(inherited) @executable_path/Frameworks @loader_path/Frameworks";
				PRODUCT_BUNDLE_IDENTIFIER = superstartup.ChickensTests;
				PRODUCT_NAME = "$(TARGET_NAME)";
				SWIFT_OBJC_BRIDGING_HEADER = "ChickensTests-Bridging-Header.h";
				SWIFT_VERSION = 3.0;
				TEST_HOST = "$(BUILT_PRODUCTS_DIR)/Chickens.app/Chickens";
			};
			name = Release;
		};
		2A55E9511E8121AC00B48E8B /* Debug */ = {
			isa = XCBuildConfiguration;
			baseConfigurationReference = C2E8D51A4415758D96588D0E /* Pods-ChickensUITests.debug.xcconfig */;
			buildSettings = {
				ALWAYS_EMBED_SWIFT_STANDARD_LIBRARIES = YES;
				CLANG_ENABLE_MODULES = YES;
				DEVELOPMENT_TEAM = GW3T8PV6PN;
				INFOPLIST_FILE = ChickensUITests/Info.plist;
				LD_RUNPATH_SEARCH_PATHS = "$(inherited) @executable_path/Frameworks @loader_path/Frameworks";
				PRODUCT_BUNDLE_IDENTIFIER = superstartup.ChickensUITests;
				PRODUCT_NAME = "$(TARGET_NAME)";
				SWIFT_OBJC_BRIDGING_HEADER = "ChickensUITests-Bridging-Header.h";
				SWIFT_OPTIMIZATION_LEVEL = "-Onone";
				SWIFT_VERSION = 3.0;
				TEST_TARGET_NAME = Chickens;
			};
			name = Debug;
		};
		2A55E9521E8121AC00B48E8B /* Release */ = {
			isa = XCBuildConfiguration;
			baseConfigurationReference = 73BAC3621F6A9D0A3DD0B637 /* Pods-ChickensUITests.release.xcconfig */;
			buildSettings = {
				ALWAYS_EMBED_SWIFT_STANDARD_LIBRARIES = YES;
				CLANG_ENABLE_MODULES = YES;
				DEVELOPMENT_TEAM = GW3T8PV6PN;
				INFOPLIST_FILE = ChickensUITests/Info.plist;
				LD_RUNPATH_SEARCH_PATHS = "$(inherited) @executable_path/Frameworks @loader_path/Frameworks";
				PRODUCT_BUNDLE_IDENTIFIER = superstartup.ChickensUITests;
				PRODUCT_NAME = "$(TARGET_NAME)";
				SWIFT_OBJC_BRIDGING_HEADER = "ChickensUITests-Bridging-Header.h";
				SWIFT_VERSION = 3.0;
				TEST_TARGET_NAME = Chickens;
			};
			name = Release;
		};
/* End XCBuildConfiguration section */

/* Begin XCConfigurationList section */
		2A55E91D1E8121AC00B48E8B /* Build configuration list for PBXProject "Chickens" */ = {
			isa = XCConfigurationList;
			buildConfigurations = (
				2A55E9481E8121AC00B48E8B /* Debug */,
				2A55E9491E8121AC00B48E8B /* Release */,
			);
			defaultConfigurationIsVisible = 0;
			defaultConfigurationName = Release;
		};
		2A55E94A1E8121AC00B48E8B /* Build configuration list for PBXNativeTarget "Chickens" */ = {
			isa = XCConfigurationList;
			buildConfigurations = (
				2A55E94B1E8121AC00B48E8B /* Debug */,
				2A55E94C1E8121AC00B48E8B /* Release */,
			);
			defaultConfigurationIsVisible = 0;
			defaultConfigurationName = Release;
		};
		2A55E94D1E8121AC00B48E8B /* Build configuration list for PBXNativeTarget "ChickensTests" */ = {
			isa = XCConfigurationList;
			buildConfigurations = (
				2A55E94E1E8121AC00B48E8B /* Debug */,
				2A55E94F1E8121AC00B48E8B /* Release */,
			);
			defaultConfigurationIsVisible = 0;
			defaultConfigurationName = Release;
		};
		2A55E9501E8121AC00B48E8B /* Build configuration list for PBXNativeTarget "ChickensUITests" */ = {
			isa = XCConfigurationList;
			buildConfigurations = (
				2A55E9511E8121AC00B48E8B /* Debug */,
				2A55E9521E8121AC00B48E8B /* Release */,
			);
			defaultConfigurationIsVisible = 0;
			defaultConfigurationName = Release;
		};
/* End XCConfigurationList section */
	};
	rootObject = 2A55E91A1E8121AC00B48E8B /* Project object */;
}
